
Microsoft Visual Studio Solution File, Format Version 12.00
# Visual Studio Version 17
VisualStudioVersion = 17.2.32630.192
MinimumVisualStudioVersion = 10.0.40219.1
Project("{8BC9CEB8-8B4A-11D0-8D11-00A0C91BC942}") = "Poco_Application_Template", "Poco_Application_Template\Poco_Application_Template.vcxproj", "{EFD7D152-F0ED-4B02-89CC-A85B171B86D5}"
	ProjectSection(ProjectDependencies) = postProject
		{3BB77803-B574-45A0-9646-57704FDADFDF} = {3BB77803-B574-45A0-9646-57704FDADFDF}
		{69949CF8-2917-42A9-BB71-17B4A2F8D9E2} = {69949CF8-2917-42A9-BB71-17B4A2F8D9E2}
		{7BFD448A-A353-40B8-95D4-4E3D42A5FCDD} = {7BFD448A-A353-40B8-95D4-4E3D42A5FCDD}
		{FC933DA4-A9F2-485A-AEBA-C133B7E3A281} = {FC933DA4-A9F2-485A-AEBA-C133B7E3A281}
	EndProjectSection
EndProject
Project("{8BC9CEB8-8B4A-11D0-8D11-00A0C91BC942}") = "Poco_Foundation", "Poco_Foundation\Poco_Foundation.vcxproj", "{FC933DA4-A9F2-485A-AEBA-C133B7E3A281}"
EndProject
Project("{8BC9CEB8-8B4A-11D0-8D11-00A0C91BC942}") = "Poco_Util", "Poco_Util\Poco_Util.vcxproj", "{69949CF8-2917-42A9-BB71-17B4A2F8D9E2}"
	ProjectSection(ProjectDependencies) = postProject
		{3BB77803-B574-45A0-9646-57704FDADFDF} = {3BB77803-B574-45A0-9646-57704FDADFDF}
		{7BFD448A-A353-40B8-95D4-4E3D42A5FCDD} = {7BFD448A-A353-40B8-95D4-4E3D42A5FCDD}
		{FC933DA4-A9F2-485A-AEBA-C133B7E3A281} = {FC933DA4-A9F2-485A-AEBA-C133B7E3A281}
	EndProjectSection
EndProject
Project("{8BC9CEB8-8B4A-11D0-8D11-00A0C91BC942}") = "Poco_XML", "Poco_XML\Poco_XML.vcxproj", "{7BFD448A-A353-40B8-95D4-4E3D42A5FCDD}"
	ProjectSection(ProjectDependencies) = postProject
		{FC933DA4-A9F2-485A-AEBA-C133B7E3A281} = {FC933DA4-A9F2-485A-AEBA-C133B7E3A281}
	EndProjectSection
EndProject
Project("{8BC9CEB8-8B4A-11D0-8D11-00A0C91BC942}") = "Poco_JSON", "Poco_JSON\Poco_JSON.vcxproj", "{3BB77803-B574-45A0-9646-57704FDADFDF}"
	ProjectSection(ProjectDependencies) = postProject
		{FC933DA4-A9F2-485A-AEBA-C133B7E3A281} = {FC933DA4-A9F2-485A-AEBA-C133B7E3A281}
	EndProjectSection
EndProject
Global
	GlobalSection(SolutionConfigurationPlatforms) = preSolution
		Debug|x64 = Debug|x64
		Release|x64 = Release|x64
	EndGlobalSection
	GlobalSection(ProjectConfigurationPlatforms) = postSolution
		{EFD7D152-F0ED-4B02-89CC-A85B171B86D5}.Debug|x64.ActiveCfg = Debug|x64
		{EFD7D152-F0ED-4B02-89CC-A85B171B86D5}.Debug|x64.Build.0 = Debug|x64
		{EFD7D152-F0ED-4B02-89CC-A85B171B86D5}.Release|x64.ActiveCfg = Release|x64
		{EFD7D152-F0ED-4B02-89CC-A85B171B86D5}.Release|x64.Build.0 = Release|x64
		{FC933DA4-A9F2-485A-AEBA-C133B7E3A281}.Debug|x64.ActiveCfg = Debug|x64
		{FC933DA4-A9F2-485A-AEBA-C133B7E3A281}.Debug|x64.Build.0 = Debug|x64
		{FC933DA4-A9F2-485A-AEBA-C133B7E3A281}.Release|x64.ActiveCfg = Release|x64
		{FC933DA4-A9F2-485A-AEBA-C133B7E3A281}.Release|x64.Build.0 = Release|x64
		{69949CF8-2917-42A9-BB71-17B4A2F8D9E2}.Debug|x64.ActiveCfg = Debug|x64
		{69949CF8-2917-42A9-BB71-17B4A2F8D9E2}.Debug|x64.Build.0 = Debug|x64
		{69949CF8-2917-42A9-BB71-17B4A2F8D9E2}.Release|x64.ActiveCfg = Release|x64
		{69949CF8-2917-42A9-BB71-17B4A2F8D9E2}.Release|x64.Build.0 = Release|x64
		{7BFD448A-A353-40B8-95D4-4E3D42A5FCDD}.Debug|x64.ActiveCfg = Debug|x64
		{7BFD448A-A353-40B8-95D4-4E3D42A5FCDD}.Debug|x64.Build.0 = Debug|x64
		{7BFD448A-A353-40B8-95D4-4E3D42A5FCDD}.Release|x64.ActiveCfg = Release|x64
		{7BFD448A-A353-40B8-95D4-4E3D42A5FCDD}.Release|x64.Build.0 = Release|x64
		{3BB77803-B574-45A0-9646-57704FDADFDF}.Debug|x64.ActiveCfg = Debug|x64
		{3BB77803-B574-45A0-9646-57704FDADFDF}.Debug|x64.Build.0 = Debug|x64
		{3BB77803-B574-45A0-9646-57704FDADFDF}.Release|x64.ActiveCfg = Release|x64
		{3BB77803-B574-45A0-9646-57704FDADFDF}.Release|x64.Build.0 = Release|x64
	EndGlobalSection
	GlobalSection(SolutionProperties) = preSolution
		HideSolutionNode = FALSE
	EndGlobalSection
	GlobalSection(ExtensibilityGlobals) = postSolution
		SolutionGuid = {8594C9AD-1966-4190-A217-661149FF4819}
	EndGlobalSection
EndGlobal
